// !$*UTF8*$!
{
	archiveVersion = 1;
	classes = {
	};
	objectVersion = 46;
	objects = {

/* Begin PBXBuildFile section */
		697C52401CE071B2000007F2 /* main.m in Sources */ = {isa = PBXBuildFile; fileRef = 697C523F1CE071B2000007F2 /* main.m */; };
		697C52431CE071B2000007F2 /* AppDelegate.m in Sources */ = {isa = PBXBuildFile; fileRef = 697C52421CE071B2000007F2 /* AppDelegate.m */; };
		697C52461CE071B2000007F2 /* RootViewController.m in Sources */ = {isa = PBXBuildFile; fileRef = 697C52451CE071B2000007F2 /* RootViewController.m */; };
		697C52491CE071B2000007F2 /* DataViewController.m in Sources */ = {isa = PBXBuildFile; fileRef = 697C52481CE071B2000007F2 /* DataViewController.m */; };
		697C524C1CE071B2000007F2 /* ModelController.m in Sources */ = {isa = PBXBuildFile; fileRef = 697C524B1CE071B2000007F2 /* ModelController.m */; };
		697C524F1CE071B2000007F2 /* Main.storyboard in Resources */ = {isa = PBXBuildFile; fileRef = 697C524D1CE071B2000007F2 /* Main.storyboard */; };
		697C52511CE071B2000007F2 /* Assets.xcassets in Resources */ = {isa = PBXBuildFile; fileRef = 697C52501CE071B2000007F2 /* Assets.xcassets */; };
		697C52541CE071B2000007F2 /* LaunchScreen.storyboard in Resources */ = {isa = PBXBuildFile; fileRef = 697C52521CE071B2000007F2 /* LaunchScreen.storyboard */; };
		697C525F1CE071B2000007F2 /* vMapsTests.m in Sources */ = {isa = PBXBuildFile; fileRef = 697C525E1CE071B2000007F2 /* vMapsTests.m */; };
		697C526A1CE071B2000007F2 /* vMapsUITests.m in Sources */ = {isa = PBXBuildFile; fileRef = 697C52691CE071B2000007F2 /* vMapsUITests.m */; };
/* End PBXBuildFile section */

/* Begin PBXContainerItemProxy section */
		697C525B1CE071B2000007F2 /* PBXContainerItemProxy */ = {
			isa = PBXContainerItemProxy;
			containerPortal = 697C52331CE071B2000007F2 /* Project object */;
			proxyType = 1;
			remoteGlobalIDString = 697C523A1CE071B2000007F2;
			remoteInfo = vMaps;
		};
		697C52661CE071B2000007F2 /* PBXContainerItemProxy */ = {
			isa = PBXContainerItemProxy;
			containerPortal = 697C52331CE071B2000007F2 /* Project object */;
			proxyType = 1;
			remoteGlobalIDString = 697C523A1CE071B2000007F2;
			remoteInfo = vMaps;
		};
/* End PBXContainerItemProxy section */

/* Begin PBXFileReference section */
		697C523B1CE071B2000007F2 /* vMaps.app */ = {isa = PBXFileReference; explicitFileType = wrapper.application; includeInIndex = 0; path = vMaps.app; sourceTree = BUILT_PRODUCTS_DIR; };
		697C523F1CE071B2000007F2 /* main.m */ = {isa = PBXFileReference; lastKnownFileType = sourcecode.c.objc; path = main.m; sourceTree = "<group>"; };
		697C52411CE071B2000007F2 /* AppDelegate.h */ = {isa = PBXFileReference; lastKnownFileType = sourcecode.c.h; path = AppDelegate.h; sourceTree = "<group>"; };
		697C52421CE071B2000007F2 /* AppDelegate.m */ = {isa = PBXFileReference; lastKnownFileType = sourcecode.c.objc; path = AppDelegate.m; sourceTree = "<group>"; };
		697C52441CE071B2000007F2 /* RootViewController.h */ = {isa = PBXFileReference; lastKnownFileType = sourcecode.c.h; path = RootViewController.h; sourceTree = "<group>"; };
		697C52451CE071B2000007F2 /* RootViewController.m */ = {isa = PBXFileReference; lastKnownFileType = sourcecode.c.objc; path = RootViewController.m; sourceTree = "<group>"; };
		697C52471CE071B2000007F2 /* DataViewController.h */ = {isa = PBXFileReference; lastKnownFileType = sourcecode.c.h; path = DataViewController.h; sourceTree = "<group>"; };
		697C52481CE071B2000007F2 /* DataViewController.m */ = {isa = PBXFileReference; lastKnownFileType = sourcecode.c.objc; path = DataViewController.m; sourceTree = "<group>"; };
		697C524A1CE071B2000007F2 /* ModelController.h */ = {isa = PBXFileReference; lastKnownFileType = sourcecode.c.h; path = ModelController.h; sourceTree = "<group>"; };
		697C524B1CE071B2000007F2 /* ModelController.m */ = {isa = PBXFileReference; lastKnownFileType = sourcecode.c.objc; path = ModelController.m; sourceTree = "<group>"; };
		697C524E1CE071B2000007F2 /* Base */ = {isa = PBXFileReference; lastKnownFileType = file.storyboard; name = Base; path = Base.lproj/Main.storyboard; sourceTree = "<group>"; };
		697C52501CE071B2000007F2 /* Assets.xcassets */ = {isa = PBXFileReference; lastKnownFileType = folder.assetcatalog; path = Assets.xcassets; sourceTree = "<group>"; };
		697C52531CE071B2000007F2 /* Base */ = {isa = PBXFileReference; lastKnownFileType = file.storyboard; name = Base; path = Base.lproj/LaunchScreen.storyboard; sourceTree = "<group>"; };
		697C52551CE071B2000007F2 /* Info.plist */ = {isa = PBXFileReference; lastKnownFileType = text.plist.xml; path = Info.plist; sourceTree = "<group>"; };
		697C525A1CE071B2000007F2 /* vMapsTests.xctest */ = {isa = PBXFileReference; explicitFileType = wrapper.cfbundle; includeInIndex = 0; path = vMapsTests.xctest; sourceTree = BUILT_PRODUCTS_DIR; };
		697C525E1CE071B2000007F2 /* vMapsTests.m */ = {isa = PBXFileReference; lastKnownFileType = sourcecode.c.objc; path = vMapsTests.m; sourceTree = "<group>"; };
		697C52601CE071B2000007F2 /* Info.plist */ = {isa = PBXFileReference; lastKnownFileType = text.plist.xml; path = Info.plist; sourceTree = "<group>"; };
		697C52651CE071B2000007F2 /* vMapsUITests.xctest */ = {isa = PBXFileReference; explicitFileType = wrapper.cfbundle; includeInIndex = 0; path = vMapsUITests.xctest; sourceTree = BUILT_PRODUCTS_DIR; };
		697C52691CE071B2000007F2 /* vMapsUITests.m */ = {isa = PBXFileReference; lastKnownFileType = sourcecode.c.objc; path = vMapsUITests.m; sourceTree = "<group>"; };
		697C526B1CE071B2000007F2 /* Info.plist */ = {isa = PBXFileReference; lastKnownFileType = text.plist.xml; path = Info.plist; sourceTree = "<group>"; };
/* End PBXFileReference section */

/* Begin PBXFrameworksBuildPhase section */
		697C52381CE071B2000007F2 /* Frameworks */ = {
			isa = PBXFrameworksBuildPhase;
			buildActionMask = 2147483647;
			files = (
			);
			runOnlyForDeploymentPostprocessing = 0;
		};
		697C52571CE071B2000007F2 /* Frameworks */ = {
			isa = PBXFrameworksBuildPhase;
			buildActionMask = 2147483647;
			files = (
			);
			runOnlyForDeploymentPostprocessing = 0;
		};
		697C52621CE071B2000007F2 /* Frameworks */ = {
			isa = PBXFrameworksBuildPhase;
			buildActionMask = 2147483647;
			files = (
			);
			runOnlyForDeploymentPostprocessing = 0;
		};
/* End PBXFrameworksBuildPhase section */

/* Begin PBXGroup section */
		697C52321CE071B2000007F2 = {
			isa = PBXGroup;
			children = (
				697C523D1CE071B2000007F2 /* vMaps */,
				697C525D1CE071B2000007F2 /* vMapsTests */,
				697C52681CE071B2000007F2 /* vMapsUITests */,
				697C523C1CE071B2000007F2 /* Products */,
			);
			sourceTree = "<group>";
		};
		697C523C1CE071B2000007F2 /* Products */ = {
			isa = PBXGroup;
			children = (
				697C523B1CE071B2000007F2 /* vMaps.app */,
				697C525A1CE071B2000007F2 /* vMapsTests.xctest */,
				697C52651CE071B2000007F2 /* vMapsUITests.xctest */,
			);
			name = Products;
			sourceTree = "<group>";
		};
		697C523D1CE071B2000007F2 /* vMaps */ = {
			isa = PBXGroup;
			children = (
				697C52411CE071B2000007F2 /* AppDelegate.h */,
				697C52421CE071B2000007F2 /* AppDelegate.m */,
				697C52441CE071B2000007F2 /* RootViewController.h */,
				697C52451CE071B2000007F2 /* RootViewController.m */,
				697C52471CE071B2000007F2 /* DataViewController.h */,
				697C52481CE071B2000007F2 /* DataViewController.m */,
				697C524A1CE071B2000007F2 /* ModelController.h */,
				697C524B1CE071B2000007F2 /* ModelController.m */,
				697C524D1CE071B2000007F2 /* Main.storyboard */,
				697C52501CE071B2000007F2 /* Assets.xcassets */,
				697C52521CE071B2000007F2 /* LaunchScreen.storyboard */,
				697C52551CE071B2000007F2 /* Info.plist */,
				697C523E1CE071B2000007F2 /* Supporting Files */,
			);
			path = vMaps;
			sourceTree = "<group>";
		};
		697C523E1CE071B2000007F2 /* Supporting Files */ = {
			isa = PBXGroup;
			children = (
				697C523F1CE071B2000007F2 /* main.m */,
			);
			name = "Supporting Files";
			sourceTree = "<group>";
		};
		697C525D1CE071B2000007F2 /* vMapsTests */ = {
			isa = PBXGroup;
			children = (
				697C525E1CE071B2000007F2 /* vMapsTests.m */,
				697C52601CE071B2000007F2 /* Info.plist */,
			);
			path = vMapsTests;
			sourceTree = "<group>";
		};
		697C52681CE071B2000007F2 /* vMapsUITests */ = {
			isa = PBXGroup;
			children = (
				697C52691CE071B2000007F2 /* vMapsUITests.m */,
				697C526B1CE071B2000007F2 /* Info.plist */,
			);
			path = vMapsUITests;
			sourceTree = "<group>";
		};
/* End PBXGroup section */

/* Begin PBXNativeTarget section */
		697C523A1CE071B2000007F2 /* vMaps */ = {
			isa = PBXNativeTarget;
			buildConfigurationList = 697C526E1CE071B2000007F2 /* Build configuration list for PBXNativeTarget "vMaps" */;
			buildPhases = (
				697C52371CE071B2000007F2 /* Sources */,
				697C52381CE071B2000007F2 /* Frameworks */,
				697C52391CE071B2000007F2 /* Resources */,
			);
			buildRules = (
			);
			dependencies = (
			);
			name = vMaps;
			productName = vMaps;
			productReference = 697C523B1CE071B2000007F2 /* vMaps.app */;
			productType = "com.apple.product-type.application";
		};
		697C52591CE071B2000007F2 /* vMapsTests */ = {
			isa = PBXNativeTarget;
			buildConfigurationList = 697C52711CE071B2000007F2 /* Build configuration list for PBXNativeTarget "vMapsTests" */;
			buildPhases = (
				697C52561CE071B2000007F2 /* Sources */,
				697C52571CE071B2000007F2 /* Frameworks */,
				697C52581CE071B2000007F2 /* Resources */,
			);
			buildRules = (
			);
			dependencies = (
				697C525C1CE071B2000007F2 /* PBXTargetDependency */,
			);
			name = vMapsTests;
			productName = vMapsTests;
			productReference = 697C525A1CE071B2000007F2 /* vMapsTests.xctest */;
			productType = "com.apple.product-type.bundle.unit-test";
		};
		697C52641CE071B2000007F2 /* vMapsUITests */ = {
			isa = PBXNativeTarget;
			buildConfigurationList = 697C52741CE071B2000007F2 /* Build configuration list for PBXNativeTarget "vMapsUITests" */;
			buildPhases = (
				697C52611CE071B2000007F2 /* Sources */,
				697C52621CE071B2000007F2 /* Frameworks */,
				697C52631CE071B2000007F2 /* Resources */,
			);
			buildRules = (
			);
			dependencies = (
				697C52671CE071B2000007F2 /* PBXTargetDependency */,
			);
			name = vMapsUITests;
			productName = vMapsUITests;
			productReference = 697C52651CE071B2000007F2 /* vMapsUITests.xctest */;
			productType = "com.apple.product-type.bundle.ui-testing";
		};
/* End PBXNativeTarget section */

/* Begin PBXProject section */
		697C52331CE071B2000007F2 /* Project object */ = {
			isa = PBXProject;
			attributes = {
				LastUpgradeCheck = 0730;
				ORGANIZATIONNAME = "Jay Hubbert";
				TargetAttributes = {
					697C523A1CE071B2000007F2 = {
						CreatedOnToolsVersion = 7.3.1;
					};
					697C52591CE071B2000007F2 = {
						CreatedOnToolsVersion = 7.3.1;
						TestTargetID = 697C523A1CE071B2000007F2;
					};
					697C52641CE071B2000007F2 = {
						CreatedOnToolsVersion = 7.3.1;
						TestTargetID = 697C523A1CE071B2000007F2;
					};
				};
			};
			buildConfigurationList = 697C52361CE071B2000007F2 /* Build configuration list for PBXProject "vMaps" */;
			compatibilityVersion = "Xcode 3.2";
			developmentRegion = English;
			hasScannedForEncodings = 0;
			knownRegions = (
				en,
				Base,
			);
			mainGroup = 697C52321CE071B2000007F2;
			productRefGroup = 697C523C1CE071B2000007F2 /* Products */;
			projectDirPath = "";
			projectRoot = "";
			targets = (
				697C523A1CE071B2000007F2 /* vMaps */,
				697C52591CE071B2000007F2 /* vMapsTests */,
				697C52641CE071B2000007F2 /* vMapsUITests */,
			);
		};
/* End PBXProject section */

/* Begin PBXResourcesBuildPhase section */
		697C52391CE071B2000007F2 /* Resources */ = {
			isa = PBXResourcesBuildPhase;
			buildActionMask = 2147483647;
			files = (
				697C52541CE071B2000007F2 /* LaunchScreen.storyboard in Resources */,
				697C52511CE071B2000007F2 /* Assets.xcassets in Resources */,
				697C524F1CE071B2000007F2 /* Main.storyboard in Resources */,
			);
			runOnlyForDeploymentPostprocessing = 0;
		};
		697C52581CE071B2000007F2 /* Resources */ = {
			isa = PBXResourcesBuildPhase;
			buildActionMask = 2147483647;
			files = (
			);
			runOnlyForDeploymentPostprocessing = 0;
		};
		697C52631CE071B2000007F2 /* Resources */ = {
			isa = PBXResourcesBuildPhase;
			buildActionMask = 2147483647;
			files = (
			);
			runOnlyForDeploymentPostprocessing = 0;
		};
/* End PBXResourcesBuildPhase section */

/* Begin PBXSourcesBuildPhase section */
		697C52371CE071B2000007F2 /* Sources */ = {
			isa = PBXSourcesBuildPhase;
			buildActionMask = 2147483647;
			files = (
				697C52491CE071B2000007F2 /* DataViewController.m in Sources */,
				697C52431CE071B2000007F2 /* AppDelegate.m in Sources */,
				697C524C1CE071B2000007F2 /* ModelController.m in Sources */,
				697C52401CE071B2000007F2 /* main.m in Sources */,
				697C52461CE071B2000007F2 /* RootViewController.m in Sources */,
			);
			runOnlyForDeploymentPostprocessing = 0;
		};
		697C52561CE071B2000007F2 /* Sources */ = {
			isa = PBXSourcesBuildPhase;
			buildActionMask = 2147483647;
			files = (
				697C525F1CE071B2000007F2 /* vMapsTests.m in Sources */,
			);
			runOnlyForDeploymentPostprocessing = 0;
		};
		697C52611CE071B2000007F2 /* Sources */ = {
			isa = PBXSourcesBuildPhase;
			buildActionMask = 2147483647;
			files = (
				697C526A1CE071B2000007F2 /* vMapsUITests.m in Sources */,
			);
			runOnlyForDeploymentPostprocessing = 0;
		};
/* End PBXSourcesBuildPhase section */

/* Begin PBXTargetDependency section */
		697C525C1CE071B2000007F2 /* PBXTargetDependency */ = {
			isa = PBXTargetDependency;
			target = 697C523A1CE071B2000007F2 /* vMaps */;
			targetProxy = 697C525B1CE071B2000007F2 /* PBXContainerItemProxy */;
		};
		697C52671CE071B2000007F2 /* PBXTargetDependency */ = {
			isa = PBXTargetDependency;
			target = 697C523A1CE071B2000007F2 /* vMaps */;
			targetProxy = 697C52661CE071B2000007F2 /* PBXContainerItemProxy */;
		};
/* End PBXTargetDependency section */

/* Begin PBXVariantGroup section */
		697C524D1CE071B2000007F2 /* Main.storyboard */ = {
			isa = PBXVariantGroup;
			children = (
				697C524E1CE071B2000007F2 /* Base */,
			);
			name = Main.storyboard;
			sourceTree = "<group>";
		};
		697C52521CE071B2000007F2 /* LaunchScreen.storyboard */ = {
			isa = PBXVariantGroup;
			children = (
				697C52531CE071B2000007F2 /* Base */,
			);
			name = LaunchScreen.storyboard;
			sourceTree = "<group>";
		};
/* End PBXVariantGroup section */

/* Begin XCBuildConfiguration section */
		697C526C1CE071B2000007F2 /* Debug */ = {
			isa = XCBuildConfiguration;
			buildSettings = {
				ALWAYS_SEARCH_USER_PATHS = NO;
				CLANG_ANALYZER_NONNULL = YES;
				CLANG_CXX_LANGUAGE_STANDARD = "gnu++0x";
				CLANG_CXX_LIBRARY = "libc++";
				CLANG_ENABLE_MODULES = YES;
				CLANG_ENABLE_OBJC_ARC = YES;
				CLANG_WARN_BOOL_CONVERSION = YES;
				CLANG_WARN_CONSTANT_CONVERSION = YES;
				CLANG_WARN_DIRECT_OBJC_ISA_USAGE = YES_ERROR;
				CLANG_WARN_EMPTY_BODY = YES;
				CLANG_WARN_ENUM_CONVERSION = YES;
				CLANG_WARN_INT_CONVERSION = YES;
				CLANG_WARN_OBJC_ROOT_CLASS = YES_ERROR;
				CLANG_WARN_UNREACHABLE_CODE = YES;
				CLANG_WARN__DUPLICATE_METHOD_MATCH = YES;
				"CODE_SIGN_IDENTITY[sdk=iphoneos*]" = "iPhone Developer";
				COPY_PHASE_STRIP = NO;
				DEBUG_INFORMATION_FORMAT = dwarf;
				ENABLE_STRICT_OBJC_MSGSEND = YES;
				ENABLE_TESTABILITY = YES;
				GCC_C_LANGUAGE_STANDARD = gnu99;
				GCC_DYNAMIC_NO_PIC = NO;
				GCC_NO_COMMON_BLOCKS = YES;
				GCC_OPTIMIZATION_LEVEL = 0;
				GCC_PREPROCESSOR_DEFINITIONS = (
					"DEBUG=1",
					"$(inherited)",
				);
				GCC_WARN_64_TO_32_BIT_CONVERSION = YES;
				GCC_WARN_ABOUT_RETURN_TYPE = YES_ERROR;
				GCC_WARN_UNDECLARED_SELECTOR = YES;
				GCC_WARN_UNINITIALIZED_AUTOS = YES_AGGRESSIVE;
				GCC_WARN_UNUSED_FUNCTION = YES;
				GCC_WARN_UNUSED_VARIABLE = YES;
				IPHONEOS_DEPLOYMENT_TARGET = 9.3;
				MTL_ENABLE_DEBUG_INFO = YES;
				ONLY_ACTIVE_ARCH = YES;
				SDKROOT = iphoneos;
				TARGETED_DEVICE_FAMILY = "1,2";
			};
			name = Debug;
		};
		697C526D1CE071B2000007F2 /* Release */ = {
			isa = XCBuildConfiguration;
			buildSettings = {
				ALWAYS_SEARCH_USER_PATHS = NO;
				CLANG_ANALYZER_NONNULL = YES;
				CLANG_CXX_LANGUAGE_STANDARD = "gnu++0x";
				CLANG_CXX_LIBRARY = "libc++";
				CLANG_ENABLE_MODULES = YES;
				CLANG_ENABLE_OBJC_ARC = YES;
				CLANG_WARN_BOOL_CONVERSION = YES;
				CLANG_WARN_CONSTANT_CONVERSION = YES;
				CLANG_WARN_DIRECT_OBJC_ISA_USAGE = YES_ERROR;
				CLANG_WARN_EMPTY_BODY = YES;
				CLANG_WARN_ENUM_CONVERSION = YES;
				CLANG_WARN_INT_CONVERSION = YES;
				CLANG_WARN_OBJC_ROOT_CLASS = YES_ERROR;
				CLANG_WARN_UNREACHABLE_CODE = YES;
				CLANG_WARN__DUPLICATE_METHOD_MATCH = YES;
				"CODE_SIGN_IDENTITY[sdk=iphoneos*]" = "iPhone Developer";
				COPY_PHASE_STRIP = NO;
				DEBUG_INFORMATION_FORMAT = "dwarf-with-dsym";
				ENABLE_NS_ASSERTIONS = NO;
				ENABLE_STRICT_OBJC_MSGSEND = YES;
				GCC_C_LANGUAGE_STANDARD = gnu99;
				GCC_NO_COMMON_BLOCKS = YES;
				GCC_WARN_64_TO_32_BIT_CONVERSION = YES;
				GCC_WARN_ABOUT_RETURN_TYPE = YES_ERROR;
				GCC_WARN_UNDECLARED_SELECTOR = YES;
				GCC_WARN_UNINITIALIZED_AUTOS = YES_AGGRESSIVE;
				GCC_WARN_UNUSED_FUNCTION = YES;
				GCC_WARN_UNUSED_VARIABLE = YES;
				IPHONEOS_DEPLOYMENT_TARGET = 9.3;
				MTL_ENABLE_DEBUG_INFO = NO;
				SDKROOT = iphoneos;
				TARGETED_DEVICE_FAMILY = "1,2";
				VALIDATE_PRODUCT = YES;
			};
			name = Release;
		};
		697C526F1CE071B2000007F2 /* Debug */ = {
			isa = XCBuildConfiguration;
			buildSettings = {
				ASSETCATALOG_COMPILER_APPICON_NAME = AppIcon;
				INFOPLIST_FILE = vMaps/Info.plist;
				LD_RUNPATH_SEARCH_PATHS = "$(inherited) @executable_path/Frameworks";
				PRODUCT_BUNDLE_IDENTIFIER = com.counterdraft.vMaps.vMaps;
				PRODUCT_NAME = "$(TARGET_NAME)";
			};
			name = Debug;
		};
		697C52701CE071B2000007F2 /* Release */ = {
			isa = XCBuildConfiguration;
			buildSettings = {
				ASSETCATALOG_COMPILER_APPICON_NAME = AppIcon;
				INFOPLIST_FILE = vMaps/Info.plist;
				LD_RUNPATH_SEARCH_PATHS = "$(inherited) @executable_path/Frameworks";
				PRODUCT_BUNDLE_IDENTIFIER = com.counterdraft.vMaps.vMaps;
				PRODUCT_NAME = "$(TARGET_NAME)";
			};
			name = Release;
		};
		697C52721CE071B2000007F2 /* Debug */ = {
			isa = XCBuildConfiguration;
			buildSettings = {
				BUNDLE_LOADER = "$(TEST_HOST)";
				INFOPLIST_FILE = vMapsTests/Info.plist;
				LD_RUNPATH_SEARCH_PATHS = "$(inherited) @executable_path/Frameworks @loader_path/Frameworks";
				PRODUCT_BUNDLE_IDENTIFIER = com.counterdraft.vMaps.vMapsTests;
				PRODUCT_NAME = "$(TARGET_NAME)";
				TEST_HOST = "$(BUILT_PRODUCTS_DIR)/vMaps.app/vMaps";
			};
			name = Debug;
		};
		697C52731CE071B2000007F2 /* Release */ = {
			isa = XCBuildConfiguration;
			buildSettings = {
				BUNDLE_LOADER = "$(TEST_HOST)";
				INFOPLIST_FILE = vMapsTests/Info.plist;
				LD_RUNPATH_SEARCH_PATHS = "$(inherited) @executable_path/Frameworks @loader_path/Frameworks";
				PRODUCT_BUNDLE_IDENTIFIER = com.counterdraft.vMaps.vMapsTests;
				PRODUCT_NAME = "$(TARGET_NAME)";
				TEST_HOST = "$(BUILT_PRODUCTS_DIR)/vMaps.app/vMaps";
			};
			name = Release;
		};
		697C52751CE071B2000007F2 /* Debug */ = {
			isa = XCBuildConfiguration;
			buildSettings = {
				INFOPLIST_FILE = vMapsUITests/Info.plist;
				LD_RUNPATH_SEARCH_PATHS = "$(inherited) @executable_path/Frameworks @loader_path/Frameworks";
				PRODUCT_BUNDLE_IDENTIFIER = com.counterdraft.vMaps.vMapsUITests;
				PRODUCT_NAME = "$(TARGET_NAME)";
				TEST_TARGET_NAME = vMaps;
			};
			name = Debug;
		};
		697C52761CE071B2000007F2 /* Release */ = {
			isa = XCBuildConfiguration;
			buildSettings = {
				INFOPLIST_FILE = vMapsUITests/Info.plist;
				LD_RUNPATH_SEARCH_PATHS = "$(inherited) @executable_path/Frameworks @loader_path/Frameworks";
				PRODUCT_BUNDLE_IDENTIFIER = com.counterdraft.vMaps.vMapsUITests;
				PRODUCT_NAME = "$(TARGET_NAME)";
				TEST_TARGET_NAME = vMaps;
			};
			name = Release;
		};
/* End XCBuildConfiguration section */

/* Begin XCConfigurationList section */
		697C52361CE071B2000007F2 /* Build configuration list for PBXProject "vMaps" */ = {
			isa = XCConfigurationList;
			buildConfigurations = (
				697C526C1CE071B2000007F2 /* Debug */,
				697C526D1CE071B2000007F2 /* Release */,
			);
			defaultConfigurationIsVisible = 0;
			defaultConfigurationName = Release;
		};
		697C526E1CE071B2000007F2 /* Build configuration list for PBXNativeTarget "vMaps" */ = {
			isa = XCConfigurationList;
			buildConfigurations = (
				697C526F1CE071B2000007F2 /* Debug */,
				697C52701CE071B2000007F2 /* Release */,
			);
			defaultConfigurationIsVisible = 0;
		};
		697C52711CE071B2000007F2 /* Build configuration list for PBXNativeTarget "vMapsTests" */ = {
			isa = XCConfigurationList;
			buildConfigurations = (
				697C52721CE071B2000007F2 /* Debug */,
				697C52731CE071B2000007F2 /* Release */,
			);
			defaultConfigurationIsVisible = 0;
		};
		697C52741CE071B2000007F2 /* Build configuration list for PBXNativeTarget "vMapsUITests" */ = {
			isa = XCConfigurationList;
			buildConfigurations = (
				697C52751CE071B2000007F2 /* Debug */,
				697C52761CE071B2000007F2 /* Release */,
			);
			defaultConfigurationIsVisible = 0;
		};
/* End XCConfigurationList section */
	};
	rootObject = 697C52331CE071B2000007F2 /* Project object */;
}
